{
  "version": 4,
  "terraform_version": "1.15.8",
  "serial": 30,
  "lineage": "7aa06897-7cc7-6138-ac29-2f995a93d620",
  "outputs": {},
  "resources": [
    {
      "mode": "data",
      "type": "yandex_compute_image",
      "name": "ubuntu",
      "provider": "provider[\"registry.terraform.io/yandex-cloud/yandex\"]",
      "instances": [
        {
          "schema_version": 0,
          "attributes": {
            "created_at": "2026-08-17T18:28:13Z",
            "description": "Ubuntu 22.04 lts v20260812085451",
            "family": "ubuntu-2204-lts",
            "folder_id": "standard-images",
            "hardware_generation": [
              {
                "generation2_features": [],
                "legacy_features": [
                  {
                    "pci_topology": "PCI_TOPOLOGY_V2"
                  }
                ]
              }
            ],
            "id": "fd8qmr57ndfedjv8lfgk",
            "image_id": "fd8qmr57ndfedjv8lfgk",
            "kms_key_id": null,
            "labels": {
              "version": "20260812085451",
              "x-hopper-operation-id": "d9pnq878m7ale6s14ne3",
              "x-hopper-source-image-id": "fd812tu5316cn6oeh6b1"
            },
            "min_disk_size": 8,
            "name": "ubuntu-22-04-lts-v20260817",
            "os_type": "linux",
            "pooled": true,
            "product_ids": [
              "f2elfhr9h41g6c34ntnf"
            ],
            "size": 2,
            "status": "ready"
          },
          "sensitive_attributes": [],
          "identity_schema_version": 0
        }
      ]
    },
    {
      "mode": "managed",
      "type": "local_file",
      "name": "ansible_inventory",
      "provider": "provider[\"registry.terraform.io/hashicorp/local\"]",
      "instances": [
        {
          "schema_version": 0,
          "attributes": {
            "content": "[databases]\nmain ansible_host=158.160.49.210 fqdn=fhm95vbpva3terkurhrm.auto.internal\nreplica ansible_host=62.84.114.238 fqdn=fhmcmd8g43nfjqne8a0g.auto.internal\n\n[storage]\nstorage ansible_host=89.169.128.60 fqdn=fhm07mvrj0hhdoslik0l.auto.internal\n\n[webservers]\nweb-1 ansible_host=111.88.253.194 fqdn=fhmv8ng63a5v4a6ekd4q.auto.internal\nweb-2 ansible_host=51.250.76.66 fqdn=fhmnv6qdole3riukpn56.auto.internal\n\n[all:vars]\nansible_user=ubuntu\n",
            "content_base64": null,
            "content_base64sha256": "Sm1Ja284lhZQN2csNh29ucA1OmADyNv0bLkzXpZN5aI=",
            "content_base64sha512": "2TiUh4b+pZhcEISzVXDF5ccXcM7RgtJdOqktbP3dfS8ByaCBQygSvpWtdiVhgJEmcrm9Yb5FDb+QXEQhxIPXlw==",
            "content_md5": "6112f6c921a427882855a7d9168abb85",
            "content_sha1": "01a62466a2a75ccaef0485d320e3bb79e3790e44",
            "content_sha256": "4a6d496b6f3896165037672c361dbdb9c0353a6003c8dbf46cb9335e964de5a2",
            "content_sha512": "d938948786fea5985c1084b35570c5e5c71770ced182d25d3aa92d6cfddd7d2f01c9a081432812be95ad76256180912672b9bd61be450dbf905c4421c483d797",
            "directory_permission": "0777",
            "file_permission": "0777",
            "filename": "./hosts.ini",
            "id": "01a62466a2a75ccaef0485d320e3bb79e3790e44",
            "sensitive_content": null,
            "source": null
          },
          "sensitive_attributes": [
            [
              {
                "type": "get_attr",
                "value": "sensitive_content"
              }
            ]
          ],
          "identity_schema_version": 0,
          "dependencies": [
            "data.yandex_compute_image.ubuntu",
            "yandex_compute_disk.extra",
            "yandex_compute_instance.db",
            "yandex_compute_instance.storage",
            "yandex_compute_instance.web",
            "yandex_vpc_network.develop",
            "yandex_vpc_security_group.example",
            "yandex_vpc_subnet.develop"
          ]
        }
      ]
    },
    {
      "mode": "managed",
      "type": "yandex_compute_disk",
      "name": "extra",
      "provider": "provider[\"registry.terraform.io/yandex-cloud/yandex\"]",
      "instances": [
        {
          "index_key": 0,
          "schema_version": 0,
          "attributes": {
            "allow_recreate": null,
            "block_size": 4096,
            "created_at": "2026-08-19T15:05:04Z",
            "description": "",
            "disk_placement_policy": [
              {
                "disk_placement_group_id": ""
              }
            ],
            "folder_id": "b1gvh68kpiep01994hht",
            "hardware_generation": [
              {
                "generation2_features": [],
                "legacy_features": [
                  {
                    "pci_topology": "PCI_TOPOLOGY_V2"
                  }
                ]
              }
            ],
            "id": "fhm02qqf283t9dug6r3t",
            "image_id": "",
            "kms_key_id": null,
            "labels": {},
            "name": "extra-disk-1",
            "product_ids": [],
            "size": 1,
            "snapshot_id": "",
            "status": "ready",
            "timeouts": null,
            "type": "network-hdd",
            "zone": "ru-central1-a"
          },
          "sensitive_attributes": [],
          "identity_schema_version": 0,
          "private": "eyJlMmJmYjczMC1lY2FhLTExZTYtOGY4OC0zNDM2M2JjN2M0YzAiOnsiY3JlYXRlIjozMDAwMDAwMDAwMDAsImRlbGV0ZSI6MzAwMDAwMDAwMDAwLCJ1cGRhdGUiOjMwMDAwMDAwMDAwMH19"
        },
        {
          "index_key": 1,
          "schema_version": 0,
          "attributes": {
            "allow_recreate": null,
            "block_size": 4096,
            "created_at": "2026-08-19T15:05:04Z",
            "description": "",
            "disk_placement_policy": [
              {
                "disk_placement_group_id": ""
              }
            ],
            "folder_id": "b1gvh68kpiep01994hht",
            "hardware_generation": [
              {
                "generation2_features": [],
                "legacy_features": [
                  {
                    "pci_topology": "PCI_TOPOLOGY_V2"
                  }
                ]
              }
            ],
            "id": "fhm3h4pqtmiuq9giad3f",
            "image_id": "",
            "kms_key_id": null,
            "labels": {},
            "name": "extra-disk-2",
            "product_ids": [],
            "size": 1,
            "snapshot_id": "",
            "status": "ready",
            "timeouts": null,
            "type": "network-hdd",
            "zone": "ru-central1-a"
          },
          "sensitive_attributes": [],
          "identity_schema_version": 0,
          "private": "eyJlMmJmYjczMC1lY2FhLTExZTYtOGY4OC0zNDM2M2JjN2M0YzAiOnsiY3JlYXRlIjozMDAwMDAwMDAwMDAsImRlbGV0ZSI6MzAwMDAwMDAwMDAwLCJ1cGRhdGUiOjMwMDAwMDAwMDAwMH19"
        },
        {
          "index_key": 2,
          "schema_version": 0,
          "attributes": {
            "allow_recreate": null,
            "block_size": 4096,
            "created_at": "2026-08-19T15:05:04Z",
            "description": "",
            "disk_placement_policy": [
              {
                "disk_placement_group_id": ""
              }
            ],
            "folder_id": "b1gvh68kpiep01994hht",
            "hardware_generation": [
              {
                "generation2_features": [],
                "legacy_features": [
                  {
                    "pci_topology": "PCI_TOPOLOGY_V2"
                  }
                ]
              }
            ],
            "id": "fhmiq29kabl36aon716d",
            "image_id": "",
            "kms_key_id": null,
            "labels": {},
            "name": "extra-disk-3",
            "product_ids": [],
            "size": 1,
            "snapshot_id": "",
            "status": "ready",
            "timeouts": null,
            "type": "network-hdd",
            "zone": "ru-central1-a"
          },
          "sensitive_attributes": [],
          "identity_schema_version": 0,
          "private": "eyJlMmJmYjczMC1lY2FhLTExZTYtOGY4OC0zNDM2M2JjN2M0YzAiOnsiY3JlYXRlIjozMDAwMDAwMDAwMDAsImRlbGV0ZSI6MzAwMDAwMDAwMDAwLCJ1cGRhdGUiOjMwMDAwMDAwMDAwMH19"
        }
      ]
    },
    {
      "mode": "managed",
      "type": "yandex_compute_instance",
      "name": "db",
      "provider": "provider[\"registry.terraform.io/yandex-cloud/yandex\"]",
      "instances": [
        {
          "index_key": "main",
          "schema_version": 1,
          "attributes": {
            "allow_recreate": null,
            "allow_stopping_for_update": true,
            "boot_disk": [
              {
                "auto_delete": true,
                "device_name": "fhmvbctuvgisgu9u5pda",
                "disk_id": "fhmvbctuvgisgu9u5pda",
                "initialize_params": [
                  {
                    "block_size": 4096,
                    "description": "",
                    "image_id": "fd8qmr57ndfedjv8lfgk",
                    "kms_key_id": "",
                    "name": "",
                    "size": 10,
                    "snapshot_id": "",
                    "type": "network-hdd"
                  }
                ],
                "mode": "READ_WRITE"
              }
            ],
            "created_at": "2026-08-19T14:47:42Z",
            "description": "",
            "filesystem": [],
            "folder_id": "b1gvh68kpiep01994hht",
            "fqdn": "fhm95vbpva3terkurhrm.auto.internal",
            "gpu_cluster_id": "",
            "hardware_generation": [
              {
                "generation2_features": [],
                "legacy_features": [
                  {
                    "pci_topology": "PCI_TOPOLOGY_V2"
                  }
                ]
              }
            ],
            "hostname": "",
            "id": "fhm95vbpva3terkurhrm",
            "labels": {},
            "local_disk": [],
            "maintenance_grace_period": "",
            "maintenance_policy": null,
            "metadata": {
              "ssh-keys": "ubuntu:ssh-rsa AAAAB3NzaC1yc2EAAAADAQABAAACAQCqvY6cPd5rj+xayR6n9WTh0BfDcv1FIJBNtWXG5Rk3pi6iJSO9LWsESShLJTTOIuMFPjqf4rKxaE0jNbhx6oPPaGBEe5TSk3GD5KzgPwYci/SNyKb+txLVB7VMF8Zo13OebeiQa8z8x1N9G55ZYfzasL8SPuJMUhcntyk7KhQzzWR/se/Jm3IA6JsLWBVogSrHE3pC3qnuQ7fjDMBfNPu/hlDLKi+nt8LFC749k6Bz95CZxuq/K4SV34x3K/NH1S0mvSuNVXIkHBxV8WOX4A/htWt8ZKBeWkLLQ85OEKT04GElvJJn1kflBu5nqTENEijQhsE3llLyg9qGgguZvmznTXn57IE0kd59NUl4ONjL+WaULL9cbEPJvLCX21oHG8js1aXrqfV35gTBbC82SOkied01zG9kltWzfBgy8K7YKwJL6tsWoxw2LXeySCl9rYQHohSx0yJWa9s1toj4OCTTVlhmrMj/zGmBkxMqQL0T+fnXtCofxrrXJ7n9mL1e2/3WKHeUUigTSRnSnPVQQpDQ9ix1pzIIjC8avm8XIiO/wpCZX1VW4H5X5aikhSUqYwe44mrKtuyMVchhs1QHHDEuQQodvSxWfkqlRlPGTwZZgxuBMNWlNgVnfJxgH8Mj0KUf28Fnl0zXMB5jYmzWAoeIjFGBPmlLw8TwpqKC+ZQgyw== elvitt@vm-elvitt\n"
            },
            "metadata_options": [
              {
                "aws_v1_http_endpoint": 1,
                "aws_v1_http_token": 2,
                "aws_v2_http_endpoint": 1,
                "aws_v2_http_token": 1,
                "gce_http_endpoint": 1,
                "gce_http_token": 1
              }
            ],
            "name": "main",
            "network_acceleration_type": "standard",
            "network_interface": [
              {
                "dns_record": [],
                "index": 0,
                "ip_address": "10.0.1.28",
                "ipv4": true,
                "ipv6": false,
                "ipv6_address": "",
                "ipv6_dns_record": [],
                "mac_address": "d0:0d:92:fd:79:fa",
                "nat": true,
                "nat_dns_record": [],
                "nat_ip_address": "158.160.49.210",
                "nat_ip_version": "IPV4",
                "security_group_ids": [
                  "enpve9spr720rihq6fhg"
                ],
                "subnet_id": "e9bmj6rujsp36mimtvgh"
              }
            ],
            "placement_policy": [
              {
                "host_affinity_rules": [],
                "placement_group_id": "",
                "placement_group_partition": 0
              }
            ],
            "platform_id": "standard-v3",
            "reserved_instance_pool_id": "",
            "resources": [
              {
                "core_fraction": 100,
                "cores": 4,
                "gpus": 0,
                "memory": 4
              }
            ],
            "scheduling_policy": [
              {
                "preemptible": true
              }
            ],
            "secondary_disk": [],
            "service_account_id": "",
            "status": "running",
            "timeouts": null,
            "zone": "ru-central1-a"
          },
          "sensitive_attributes": [],
          "identity_schema_version": 0,
          "private": "eyJlMmJmYjczMC1lY2FhLTExZTYtOGY4OC0zNDM2M2JjN2M0YzAiOnsiY3JlYXRlIjozMDAwMDAwMDAwMDAsImRlbGV0ZSI6MzAwMDAwMDAwMDAwLCJ1cGRhdGUiOjMwMDAwMDAwMDAwMH0sInNjaGVtYV92ZXJzaW9uIjoiMSJ9",
          "dependencies": [
            "data.yandex_compute_image.ubuntu",
            "yandex_vpc_network.develop",
            "yandex_vpc_security_group.example",
            "yandex_vpc_subnet.develop"
          ]
        },
        {
          "index_key": "replica",
          "schema_version": 1,
          "attributes": {
            "allow_recreate": null,
            "allow_stopping_for_update": true,
            "boot_disk": [
              {
                "auto_delete": true,
                "device_name": "fhmdg3tu6ctbm6gns4nk",
                "disk_id": "fhmdg3tu6ctbm6gns4nk",
                "initialize_params": [
                  {
                    "block_size": 4096,
                    "description": "",
                    "image_id": "fd8qmr57ndfedjv8lfgk",
                    "kms_key_id": "",
                    "name": "",
                    "size": 8,
                    "snapshot_id": "",
                    "type": "network-hdd"
                  }
                ],
                "mode": "READ_WRITE"
              }
            ],
            "created_at": "2026-08-19T14:50:40Z",
            "description": "",
            "filesystem": [],
            "folder_id": "b1gvh68kpiep01994hht",
            "fqdn": "fhmcmd8g43nfjqne8a0g.auto.internal",
            "gpu_cluster_id": "",
            "hardware_generation": [
              {
                "generation2_features": [],
                "legacy_features": [
                  {
                    "pci_topology": "PCI_TOPOLOGY_V2"
                  }
                ]
              }
            ],
            "hostname": "",
            "id": "fhmcmd8g43nfjqne8a0g",
            "labels": {},
            "local_disk": [],
            "maintenance_grace_period": "",
            "maintenance_policy": null,
            "metadata": {
              "ssh-keys": "ubuntu:ssh-rsa AAAAB3NzaC1yc2EAAAADAQABAAACAQCqvY6cPd5rj+xayR6n9WTh0BfDcv1FIJBNtWXG5Rk3pi6iJSO9LWsESShLJTTOIuMFPjqf4rKxaE0jNbhx6oPPaGBEe5TSk3GD5KzgPwYci/SNyKb+txLVB7VMF8Zo13OebeiQa8z8x1N9G55ZYfzasL8SPuJMUhcntyk7KhQzzWR/se/Jm3IA6JsLWBVogSrHE3pC3qnuQ7fjDMBfNPu/hlDLKi+nt8LFC749k6Bz95CZxuq/K4SV34x3K/NH1S0mvSuNVXIkHBxV8WOX4A/htWt8ZKBeWkLLQ85OEKT04GElvJJn1kflBu5nqTENEijQhsE3llLyg9qGgguZvmznTXn57IE0kd59NUl4ONjL+WaULL9cbEPJvLCX21oHG8js1aXrqfV35gTBbC82SOkied01zG9kltWzfBgy8K7YKwJL6tsWoxw2LXeySCl9rYQHohSx0yJWa9s1toj4OCTTVlhmrMj/zGmBkxMqQL0T+fnXtCofxrrXJ7n9mL1e2/3WKHeUUigTSRnSnPVQQpDQ9ix1pzIIjC8avm8XIiO/wpCZX1VW4H5X5aikhSUqYwe44mrKtuyMVchhs1QHHDEuQQodvSxWfkqlRlPGTwZZgxuBMNWlNgVnfJxgH8Mj0KUf28Fnl0zXMB5jYmzWAoeIjFGBPmlLw8TwpqKC+ZQgyw== elvitt@vm-elvitt\n"
            },
            "metadata_options": [
              {
                "aws_v1_http_endpoint": 1,
                "aws_v1_http_token": 2,
                "aws_v2_http_endpoint": 1,
                "aws_v2_http_token": 1,
                "gce_http_endpoint": 1,
                "gce_http_token": 1
              }
            ],
            "name": "replica",
            "network_acceleration_type": "standard",
            "network_interface": [
              {
                "dns_record": [],
                "index": 0,
                "ip_address": "10.0.1.4",
                "ipv4": true,
                "ipv6": false,
                "ipv6_address": "",
                "ipv6_dns_record": [],
                "mac_address": "d0:0d:cb:35:10:20",
                "nat": true,
                "nat_dns_record": [],
                "nat_ip_address": "62.84.114.238",
                "nat_ip_version": "IPV4",
                "security_group_ids": [
                  "enpve9spr720rihq6fhg"
                ],
                "subnet_id": "e9bmj6rujsp36mimtvgh"
              }
            ],
            "placement_policy": [
              {
                "host_affinity_rules": [],
                "placement_group_id": "",
                "placement_group_partition": 0
              }
            ],
            "platform_id": "standard-v3",
            "reserved_instance_pool_id": "",
            "resources": [
              {
                "core_fraction": 100,
                "cores": 2,
                "gpus": 0,
                "memory": 2
              }
            ],
            "scheduling_policy": [
              {
                "preemptible": true
              }
            ],
            "secondary_disk": [],
            "service_account_id": "",
            "status": "running",
            "timeouts": null,
            "zone": "ru-central1-a"
          },
          "sensitive_attributes": [],
          "identity_schema_version": 0,
          "private": "eyJlMmJmYjczMC1lY2FhLTExZTYtOGY4OC0zNDM2M2JjN2M0YzAiOnsiY3JlYXRlIjozMDAwMDAwMDAwMDAsImRlbGV0ZSI6MzAwMDAwMDAwMDAwLCJ1cGRhdGUiOjMwMDAwMDAwMDAwMH0sInNjaGVtYV92ZXJzaW9uIjoiMSJ9",
          "dependencies": [
            "data.yandex_compute_image.ubuntu",
            "yandex_vpc_network.develop",
            "yandex_vpc_security_group.example",
            "yandex_vpc_subnet.develop"
          ]
        }
      ]
    },
    {
      "mode": "managed",
      "type": "yandex_compute_instance",
      "name": "storage",
      "provider": "provider[\"registry.terraform.io/yandex-cloud/yandex\"]",
      "instances": [
        {
          "schema_version": 1,
          "attributes": {
            "allow_recreate": null,
            "allow_stopping_for_update": null,
            "boot_disk": [
              {
                "auto_delete": true,
                "device_name": "fhmrppmcel3us9ivtt4o",
                "disk_id": "fhmrppmcel3us9ivtt4o",
                "initialize_params": [
                  {
                    "block_size": 4096,
                    "description": "",
                    "image_id": "fd8qmr57ndfedjv8lfgk",
                    "kms_key_id": "",
                    "name": "",
                    "size": 8,
                    "snapshot_id": "",
                    "type": "network-hdd"
                  }
                ],
                "mode": "READ_WRITE"
              }
            ],
            "created_at": "2026-08-19T15:05:14Z",
            "description": "",
            "filesystem": [],
            "folder_id": "b1gvh68kpiep01994hht",
            "fqdn": "fhm07mvrj0hhdoslik0l.auto.internal",
            "gpu_cluster_id": "",
            "hardware_generation": [
              {
                "generation2_features": [],
                "legacy_features": [
                  {
                    "pci_topology": "PCI_TOPOLOGY_V2"
                  }
                ]
              }
            ],
            "hostname": "",
            "id": "fhm07mvrj0hhdoslik0l",
            "labels": {},
            "local_disk": [],
            "maintenance_grace_period": "",
            "maintenance_policy": null,
            "metadata": {
              "ssh-keys": "ubuntu:ssh-rsa AAAAB3NzaC1yc2EAAAADAQABAAACAQCqvY6cPd5rj+xayR6n9WTh0BfDcv1FIJBNtWXG5Rk3pi6iJSO9LWsESShLJTTOIuMFPjqf4rKxaE0jNbhx6oPPaGBEe5TSk3GD5KzgPwYci/SNyKb+txLVB7VMF8Zo13OebeiQa8z8x1N9G55ZYfzasL8SPuJMUhcntyk7KhQzzWR/se/Jm3IA6JsLWBVogSrHE3pC3qnuQ7fjDMBfNPu/hlDLKi+nt8LFC749k6Bz95CZxuq/K4SV34x3K/NH1S0mvSuNVXIkHBxV8WOX4A/htWt8ZKBeWkLLQ85OEKT04GElvJJn1kflBu5nqTENEijQhsE3llLyg9qGgguZvmznTXn57IE0kd59NUl4ONjL+WaULL9cbEPJvLCX21oHG8js1aXrqfV35gTBbC82SOkied01zG9kltWzfBgy8K7YKwJL6tsWoxw2LXeySCl9rYQHohSx0yJWa9s1toj4OCTTVlhmrMj/zGmBkxMqQL0T+fnXtCofxrrXJ7n9mL1e2/3WKHeUUigTSRnSnPVQQpDQ9ix1pzIIjC8avm8XIiO/wpCZX1VW4H5X5aikhSUqYwe44mrKtuyMVchhs1QHHDEuQQodvSxWfkqlRlPGTwZZgxuBMNWlNgVnfJxgH8Mj0KUf28Fnl0zXMB5jYmzWAoeIjFGBPmlLw8TwpqKC+ZQgyw== elvitt@vm-elvitt\n"
            },
            "metadata_options": [
              {
                "aws_v1_http_endpoint": 1,
                "aws_v1_http_token": 2,
                "aws_v2_http_endpoint": 1,
                "aws_v2_http_token": 1,
                "gce_http_endpoint": 1,
                "gce_http_token": 1
              }
            ],
            "name": "storage",
            "network_acceleration_type": "standard",
            "network_interface": [
              {
                "dns_record": [],
                "index": 0,
                "ip_address": "10.0.1.38",
                "ipv4": true,
                "ipv6": false,
                "ipv6_address": "",
                "ipv6_dns_record": [],
                "mac_address": "d0:0d:3d:bf:b9:82",
                "nat": true,
                "nat_dns_record": [],
                "nat_ip_address": "89.169.128.60",
                "nat_ip_version": "IPV4",
                "security_group_ids": [
                  "enpve9spr720rihq6fhg"
                ],
                "subnet_id": "e9bmj6rujsp36mimtvgh"
              }
            ],
            "placement_policy": [
              {
                "host_affinity_rules": [],
                "placement_group_id": "",
                "placement_group_partition": 0
              }
            ],
            "platform_id": "standard-v3",
            "reserved_instance_pool_id": "",
            "resources": [
              {
                "core_fraction": 100,
                "cores": 2,
                "gpus": 0,
                "memory": 2
              }
            ],
            "scheduling_policy": [
              {
                "preemptible": true
              }
            ],
            "secondary_disk": [
              {
                "auto_delete": false,
                "device_name": "fhm02qqf283t9dug6r3t",
                "disk_id": "fhm02qqf283t9dug6r3t",
                "mode": "READ_WRITE"
              },
              {
                "auto_delete": false,
                "device_name": "fhm3h4pqtmiuq9giad3f",
                "disk_id": "fhm3h4pqtmiuq9giad3f",
                "mode": "READ_WRITE"
              },
              {
                "auto_delete": false,
                "device_name": "fhmiq29kabl36aon716d",
                "disk_id": "fhmiq29kabl36aon716d",
                "mode": "READ_WRITE"
              }
            ],
            "service_account_id": "",
            "status": "running",
            "timeouts": null,
            "zone": "ru-central1-a"
          },
          "sensitive_attributes": [],
          "identity_schema_version": 0,
          "private": "eyJlMmJmYjczMC1lY2FhLTExZTYtOGY4OC0zNDM2M2JjN2M0YzAiOnsiY3JlYXRlIjozMDAwMDAwMDAwMDAsImRlbGV0ZSI6MzAwMDAwMDAwMDAwLCJ1cGRhdGUiOjMwMDAwMDAwMDAwMH0sInNjaGVtYV92ZXJzaW9uIjoiMSJ9",
          "dependencies": [
            "data.yandex_compute_image.ubuntu",
            "yandex_compute_disk.extra",
            "yandex_vpc_network.develop",
            "yandex_vpc_security_group.example",
            "yandex_vpc_subnet.develop"
          ]
        }
      ]
    },
    {
      "mode": "managed",
      "type": "yandex_compute_instance",
      "name": "web",
      "provider": "provider[\"registry.terraform.io/yandex-cloud/yandex\"]",
      "instances": [
        {
          "index_key": 0,
          "schema_version": 1,
          "attributes": {
            "allow_recreate": null,
            "allow_stopping_for_update": true,
            "boot_disk": [
              {
                "auto_delete": true,
                "device_name": "fhmeaabtnc9eavt5klqj",
                "disk_id": "fhmeaabtnc9eavt5klqj",
                "initialize_params": [
                  {
                    "block_size": 4096,
                    "description": "",
                    "image_id": "fd8qmr57ndfedjv8lfgk",
                    "kms_key_id": "",
                    "name": "",
                    "size": 8,
                    "snapshot_id": "",
                    "type": "network-hdd"
                  }
                ],
                "mode": "READ_WRITE"
              }
            ],
            "created_at": "2026-08-19T14:58:12Z",
            "description": "",
            "filesystem": [],
            "folder_id": "b1gvh68kpiep01994hht",
            "fqdn": "fhmv8ng63a5v4a6ekd4q.auto.internal",
            "gpu_cluster_id": "",
            "hardware_generation": [
              {
                "generation2_features": [],
                "legacy_features": [
                  {
                    "pci_topology": "PCI_TOPOLOGY_V2"
                  }
                ]
              }
            ],
            "hostname": "",
            "id": "fhmv8ng63a5v4a6ekd4q",
            "labels": {},
            "local_disk": [],
            "maintenance_grace_period": "",
            "maintenance_policy": null,
            "metadata": {
              "ssh-keys": "ubuntu:ssh-rsa AAAAB3NzaC1yc2EAAAADAQABAAACAQCqvY6cPd5rj+xayR6n9WTh0BfDcv1FIJBNtWXG5Rk3pi6iJSO9LWsESShLJTTOIuMFPjqf4rKxaE0jNbhx6oPPaGBEe5TSk3GD5KzgPwYci/SNyKb+txLVB7VMF8Zo13OebeiQa8z8x1N9G55ZYfzasL8SPuJMUhcntyk7KhQzzWR/se/Jm3IA6JsLWBVogSrHE3pC3qnuQ7fjDMBfNPu/hlDLKi+nt8LFC749k6Bz95CZxuq/K4SV34x3K/NH1S0mvSuNVXIkHBxV8WOX4A/htWt8ZKBeWkLLQ85OEKT04GElvJJn1kflBu5nqTENEijQhsE3llLyg9qGgguZvmznTXn57IE0kd59NUl4ONjL+WaULL9cbEPJvLCX21oHG8js1aXrqfV35gTBbC82SOkied01zG9kltWzfBgy8K7YKwJL6tsWoxw2LXeySCl9rYQHohSx0yJWa9s1toj4OCTTVlhmrMj/zGmBkxMqQL0T+fnXtCofxrrXJ7n9mL1e2/3WKHeUUigTSRnSnPVQQpDQ9ix1pzIIjC8avm8XIiO/wpCZX1VW4H5X5aikhSUqYwe44mrKtuyMVchhs1QHHDEuQQodvSxWfkqlRlPGTwZZgxuBMNWlNgVnfJxgH8Mj0KUf28Fnl0zXMB5jYmzWAoeIjFGBPmlLw8TwpqKC+ZQgyw== elvitt@vm-elvitt\n"
            },
            "metadata_options": [
              {
                "aws_v1_http_endpoint": 1,
                "aws_v1_http_token": 2,
                "aws_v2_http_endpoint": 1,
                "aws_v2_http_token": 1,
                "gce_http_endpoint": 1,
                "gce_http_token": 1
              }
            ],
            "name": "web-1",
            "network_acceleration_type": "standard",
            "network_interface": [
              {
                "dns_record": [],
                "index": 0,
                "ip_address": "10.0.1.12",
                "ipv4": true,
                "ipv6": false,
                "ipv6_address": "",
                "ipv6_dns_record": [],
                "mac_address": "d0:0d:1f:45:e0:61",
                "nat": true,
                "nat_dns_record": [],
                "nat_ip_address": "111.88.253.194",
                "nat_ip_version": "IPV4",
                "security_group_ids": [
                  "enpve9spr720rihq6fhg"
                ],
                "subnet_id": "e9bmj6rujsp36mimtvgh"
              }
            ],
            "placement_policy": [
              {
                "host_affinity_rules": [],
                "placement_group_id": "",
                "placement_group_partition": 0
              }
            ],
            "platform_id": "standard-v3",
            "reserved_instance_pool_id": "",
            "resources": [
              {
                "core_fraction": 100,
                "cores": 2,
                "gpus": 0,
                "memory": 2
              }
            ],
            "scheduling_policy": [
              {
                "preemptible": true
              }
            ],
            "secondary_disk": [],
            "service_account_id": "",
            "status": "running",
            "timeouts": null,
            "zone": "ru-central1-a"
          },
          "sensitive_attributes": [],
          "identity_schema_version": 0,
          "private": "eyJlMmJmYjczMC1lY2FhLTExZTYtOGY4OC0zNDM2M2JjN2M0YzAiOnsiY3JlYXRlIjozMDAwMDAwMDAwMDAsImRlbGV0ZSI6MzAwMDAwMDAwMDAwLCJ1cGRhdGUiOjMwMDAwMDAwMDAwMH0sInNjaGVtYV92ZXJzaW9uIjoiMSJ9",
          "dependencies": [
            "data.yandex_compute_image.ubuntu",
            "yandex_compute_instance.db",
            "yandex_vpc_network.develop",
            "yandex_vpc_security_group.example",
            "yandex_vpc_subnet.develop"
          ]
        },
        {
          "index_key": 1,
          "schema_version": 1,
          "attributes": {
            "allow_recreate": null,
            "allow_stopping_for_update": true,
            "boot_disk": [
              {
                "auto_delete": true,
                "device_name": "fhmoeobu1jqh6igeacjk",
                "disk_id": "fhmoeobu1jqh6igeacjk",
                "initialize_params": [
                  {
                    "block_size": 4096,
                    "description": "",
                    "image_id": "fd8qmr57ndfedjv8lfgk",
                    "kms_key_id": "",
                    "name": "",
                    "size": 8,
                    "snapshot_id": "",
                    "type": "network-hdd"
                  }
                ],
                "mode": "READ_WRITE"
              }
            ],
            "created_at": "2026-08-19T14:58:12Z",
            "description": "",
            "filesystem": [],
            "folder_id": "b1gvh68kpiep01994hht",
            "fqdn": "fhmnv6qdole3riukpn56.auto.internal",
            "gpu_cluster_id": "",
            "hardware_generation": [
              {
                "generation2_features": [],
                "legacy_features": [
                  {
                    "pci_topology": "PCI_TOPOLOGY_V2"
                  }
                ]
              }
            ],
            "hostname": "",
            "id": "fhmnv6qdole3riukpn56",
            "labels": {},
            "local_disk": [],
            "maintenance_grace_period": "",
            "maintenance_policy": null,
            "metadata": {
              "ssh-keys": "ubuntu:ssh-rsa AAAAB3NzaC1yc2EAAAADAQABAAACAQCqvY6cPd5rj+xayR6n9WTh0BfDcv1FIJBNtWXG5Rk3pi6iJSO9LWsESShLJTTOIuMFPjqf4rKxaE0jNbhx6oPPaGBEe5TSk3GD5KzgPwYci/SNyKb+txLVB7VMF8Zo13OebeiQa8z8x1N9G55ZYfzasL8SPuJMUhcntyk7KhQzzWR/se/Jm3IA6JsLWBVogSrHE3pC3qnuQ7fjDMBfNPu/hlDLKi+nt8LFC749k6Bz95CZxuq/K4SV34x3K/NH1S0mvSuNVXIkHBxV8WOX4A/htWt8ZKBeWkLLQ85OEKT04GElvJJn1kflBu5nqTENEijQhsE3llLyg9qGgguZvmznTXn57IE0kd59NUl4ONjL+WaULL9cbEPJvLCX21oHG8js1aXrqfV35gTBbC82SOkied01zG9kltWzfBgy8K7YKwJL6tsWoxw2LXeySCl9rYQHohSx0yJWa9s1toj4OCTTVlhmrMj/zGmBkxMqQL0T+fnXtCofxrrXJ7n9mL1e2/3WKHeUUigTSRnSnPVQQpDQ9ix1pzIIjC8avm8XIiO/wpCZX1VW4H5X5aikhSUqYwe44mrKtuyMVchhs1QHHDEuQQodvSxWfkqlRlPGTwZZgxuBMNWlNgVnfJxgH8Mj0KUf28Fnl0zXMB5jYmzWAoeIjFGBPmlLw8TwpqKC+ZQgyw== elvitt@vm-elvitt\n"
            },
            "metadata_options": [
              {
                "aws_v1_http_endpoint": 1,
                "aws_v1_http_token": 2,
                "aws_v2_http_endpoint": 1,
                "aws_v2_http_token": 1,
                "gce_http_endpoint": 1,
                "gce_http_token": 1
              }
            ],
            "name": "web-2",
            "network_acceleration_type": "standard",
            "network_interface": [
              {
                "dns_record": [],
                "index": 0,
                "ip_address": "10.0.1.32",
                "ipv4": true,
                "ipv6": false,
                "ipv6_address": "",
                "ipv6_dns_record": [],
                "mac_address": "d0:0d:17:f9:b4:dc",
                "nat": true,
                "nat_dns_record": [],
                "nat_ip_address": "51.250.76.66",
                "nat_ip_version": "IPV4",
                "security_group_ids": [
                  "enpve9spr720rihq6fhg"
                ],
                "subnet_id": "e9bmj6rujsp36mimtvgh"
              }
            ],
            "placement_policy": [
              {
                "host_affinity_rules": [],
                "placement_group_id": "",
                "placement_group_partition": 0
              }
            ],
            "platform_id": "standard-v3",
            "reserved_instance_pool_id": "",
            "resources": [
              {
                "core_fraction": 100,
                "cores": 2,
                "gpus": 0,
                "memory": 2
              }
            ],
            "scheduling_policy": [
              {
                "preemptible": true
              }
            ],
            "secondary_disk": [],
            "service_account_id": "",
            "status": "running",
            "timeouts": null,
            "zone": "ru-central1-a"
          },
          "sensitive_attributes": [],
          "identity_schema_version": 0,
          "private": "eyJlMmJmYjczMC1lY2FhLTExZTYtOGY4OC0zNDM2M2JjN2M0YzAiOnsiY3JlYXRlIjozMDAwMDAwMDAwMDAsImRlbGV0ZSI6MzAwMDAwMDAwMDAwLCJ1cGRhdGUiOjMwMDAwMDAwMDAwMH0sInNjaGVtYV92ZXJzaW9uIjoiMSJ9",
          "dependencies": [
            "data.yandex_compute_image.ubuntu",
            "yandex_compute_instance.db",
            "yandex_vpc_network.develop",
            "yandex_vpc_security_group.example",
            "yandex_vpc_subnet.develop"
          ]
        }
      ]
    },
    {
      "mode": "managed",
      "type": "yandex_vpc_network",
      "name": "develop",
      "provider": "provider[\"registry.terraform.io/yandex-cloud/yandex\"]",
      "instances": [
        {
          "schema_version": 0,
          "attributes": {
            "created_at": "2026-08-19T14:29:25Z",
            "default_security_group_id": "enp0mo7gm2705j60bqe0",
            "description": "",
            "folder_id": "b1gvh68kpiep01994hht",
            "id": "enptt8k1os0620dntspm",
            "labels": {},
            "name": "develop",
            "subnet_ids": [
              "e9bmj6rujsp36mimtvgh"
            ],
            "timeouts": null
          },
          "sensitive_attributes": [],
          "identity_schema_version": 0,
          "private": "eyJlMmJmYjczMC1lY2FhLTExZTYtOGY4OC0zNDM2M2JjN2M0YzAiOnsiY3JlYXRlIjo2MDAwMDAwMDAwMCwiZGVsZXRlIjo2MDAwMDAwMDAwMCwidXBkYXRlIjo2MDAwMDAwMDAwMH19"
        }
      ]
    },
    {
      "mode": "managed",
      "type": "yandex_vpc_security_group",
      "name": "example",
      "provider": "provider[\"registry.terraform.io/yandex-cloud/yandex\"]",
      "instances": [
        {
          "schema_version": 0,
          "attributes": {
            "created_at": "2026-08-19T14:29:29Z",
            "description": "",
            "egress": [
              {
                "description": "разрешить весь исходящий трафик",
                "from_port": 0,
                "id": "enp889fd754la81014fr",
                "labels": {},
                "port": -1,
                "predefined_target": "",
                "protocol": "TCP",
                "security_group_id": "",
                "to_port": 65365,
                "v4_cidr_blocks": [
                  "0.0.0.0/0"
                ],
                "v6_cidr_blocks": []
              }
            ],
            "folder_id": "b1gvh68kpiep01994hht",
            "id": "enpve9spr720rihq6fhg",
            "ingress": [
              {
                "description": "разрешить входящий  http",
                "from_port": -1,
                "id": "enpfqbo2qfas5r75qq3m",
                "labels": {},
                "port": 80,
                "predefined_target": "",
                "protocol": "TCP",
                "security_group_id": "",
                "to_port": -1,
                "v4_cidr_blocks": [
                  "0.0.0.0/0"
                ],
                "v6_cidr_blocks": []
              },
              {
                "description": "разрешить входящий https",
                "from_port": -1,
                "id": "enp47jdvso47ahg9lcvd",
                "labels": {},
                "port": 443,
                "predefined_target": "",
                "protocol": "TCP",
                "security_group_id": "",
                "to_port": -1,
                "v4_cidr_blocks": [
                  "0.0.0.0/0"
                ],
                "v6_cidr_blocks": []
              },
              {
                "description": "разрешить входящий ssh",
                "from_port": -1,
                "id": "enpkmppc25ncfq13fmcu",
                "labels": {},
                "port": 22,
                "predefined_target": "",
                "protocol": "TCP",
                "security_group_id": "",
                "to_port": -1,
                "v4_cidr_blocks": [
                  "0.0.0.0/0"
                ],
                "v6_cidr_blocks": []
              }
            ],
            "labels": {},
            "name": "example_dynamic",
            "network_id": "enptt8k1os0620dntspm",
            "status": "ACTIVE",
            "timeouts": null
          },
          "sensitive_attributes": [],
          "identity_schema_version": 0,
          "private": "eyJlMmJmYjczMC1lY2FhLTExZTYtOGY4OC0zNDM2M2JjN2M0YzAiOnsiY3JlYXRlIjoxODAwMDAwMDAwMDAsImRlbGV0ZSI6MTgwMDAwMDAwMDAwLCJ1cGRhdGUiOjE4MDAwMDAwMDAwMH19",
          "dependencies": [
            "yandex_vpc_network.develop"
          ]
        }
      ]
    },
    {
      "mode": "managed",
      "type": "yandex_vpc_subnet",
      "name": "develop",
      "provider": "provider[\"registry.terraform.io/yandex-cloud/yandex\"]",
      "instances": [
        {
          "schema_version": 0,
          "attributes": {
            "created_at": "2026-08-19T14:29:28Z",
            "description": "",
            "dhcp_options": [],
            "folder_id": "b1gvh68kpiep01994hht",
            "id": "e9bmj6rujsp36mimtvgh",
            "labels": {},
            "name": "develop",
            "network_id": "enptt8k1os0620dntspm",
            "route_table_id": "",
            "timeouts": null,
            "v4_cidr_blocks": [
              "10.0.1.0/24"
            ],
            "v6_cidr_blocks": [],
            "zone": "ru-central1-a"
          },
          "sensitive_attributes": [],
          "identity_schema_version": 0,
          "private": "eyJlMmJmYjczMC1lY2FhLTExZTYtOGY4OC0zNDM2M2JjN2M0YzAiOnsiY3JlYXRlIjoxODAwMDAwMDAwMDAsImRlbGV0ZSI6MTgwMDAwMDAwMDAwLCJ1cGRhdGUiOjE4MDAwMDAwMDAwMH19",
          "dependencies": [
            "yandex_vpc_network.develop"
          ]
        }
      ]
    }
  ],
  "check_results": null
}
